// !$*UTF8*$!
{
	archiveVersion = 1;
	classes = {
	};
	objectVersion = 50;
	objects = {

/* Begin PBXBuildFile section */
		EE5F3A87260AD18700945107 /* ARDemoApp.swift in Sources */ = {isa = PBXBuildFile; fileRef = EE5F3A86260AD18700945107 /* ARDemoApp.swift */; };
		EE5F3A89260AD18700945107 /* HomeView.swift in Sources */ = {isa = PBXBuildFile; fileRef = EE5F3A88260AD18700945107 /* HomeView.swift */; };
		EE5F3A8B260AD18800945107 /* Assets.xcassets in Resources */ = {isa = PBXBuildFile; fileRef = EE5F3A8A260AD18800945107 /* Assets.xcassets */; };
		EE5F3A8E260AD18800945107 /* Preview Assets.xcassets in Resources */ = {isa = PBXBuildFile; fileRef = EE5F3A8D260AD18800945107 /* Preview Assets.xcassets */; };
		EE5F3A99260AD18800945107 /* ARDemoAppTests.swift in Sources */ = {isa = PBXBuildFile; fileRef = EE5F3A98260AD18800945107 /* ARDemoAppTests.swift */; };
		EE5F3AA4260AD18800945107 /* ARDemoAppUITests.swift in Sources */ = {isa = PBXBuildFile; fileRef = EE5F3AA3260AD18800945107 /* ARDemoAppUITests.swift */; };
		EEC0D439260D9B140093141F /* PointCloudCaptureView.swift in Sources */ = {isa = PBXBuildFile; fileRef = EEC0D438260D9B140093141F /* PointCloudCaptureView.swift */; };
		EEC0D43E260D9B6F0093141F /* PointCloudCaptureRenderingController+Asset.swift in Sources */ = {isa = PBXBuildFile; fileRef = EEC0D43D260D9B6F0093141F /* PointCloudCaptureRenderingController+Asset.swift */; };
		EED1CC49260C3C03006E9B33 /* PointCloudCaptureRenderingController.swift in Sources */ = {isa = PBXBuildFile; fileRef = EED1CC45260C3C03006E9B33 /* PointCloudCaptureRenderingController.swift */; };
		EED1CC4A260C3C03006E9B33 /* PointCloudCaptureRenderingController+Draw.swift in Sources */ = {isa = PBXBuildFile; fileRef = EED1CC46260C3C03006E9B33 /* PointCloudCaptureRenderingController+Draw.swift */; };
		EED1CC4B260C3C03006E9B33 /* PointCloudCaptureRenderingController+MetalHelpers.swift in Sources */ = {isa = PBXBuildFile; fileRef = EED1CC47260C3C03006E9B33 /* PointCloudCaptureRenderingController+MetalHelpers.swift */; };
		EED1CC4C260C3C03006E9B33 /* RenderDestinationProvider.swift in Sources */ = {isa = PBXBuildFile; fileRef = EED1CC48260C3C03006E9B33 /* RenderDestinationProvider.swift */; };
		EED1CC59260C3C0E006E9B33 /* MetalBuffer.swift in Sources */ = {isa = PBXBuildFile; fileRef = EED1CC57260C3C0E006E9B33 /* MetalBuffer.swift */; };
		EED1CC5A260C3C0E006E9B33 /* Helpers.swift in Sources */ = {isa = PBXBuildFile; fileRef = EED1CC58260C3C0E006E9B33 /* Helpers.swift */; };
		EED1CC61260C3C19006E9B33 /* Shaders.metal in Sources */ = {isa = PBXBuildFile; fileRef = EED1CC60260C3C19006E9B33 /* Shaders.metal */; };
		EED1CC86260C5F04006E9B33 /* MTKView+RenderDestinationProvider.swift in Sources */ = {isa = PBXBuildFile; fileRef = EED1CC85260C5F04006E9B33 /* MTKView+RenderDestinationProvider.swift */; };
		EED1CC9E260C695E006E9B33 /* PointCloudCaptureRenderingView.swift in Sources */ = {isa = PBXBuildFile; fileRef = EED1CC9D260C695E006E9B33 /* PointCloudCaptureRenderingView.swift */; };
/* End PBXBuildFile section */

/* Begin PBXContainerItemProxy section */
		EE5F3A95260AD18800945107 /* PBXContainerItemProxy */ = {
			isa = PBXContainerItemProxy;
			containerPortal = EE5F3A7B260AD18700945107 /* Project object */;
			proxyType = 1;
			remoteGlobalIDString = EE5F3A82260AD18700945107;
			remoteInfo = ARDemoApp;
		};
		EE5F3AA0260AD18800945107 /* PBXContainerItemProxy */ = {
			isa = PBXContainerItemProxy;
			containerPortal = EE5F3A7B260AD18700945107 /* Project object */;
			proxyType = 1;
			remoteGlobalIDString = EE5F3A82260AD18700945107;
			remoteInfo = ARDemoApp;
		};
/* End PBXContainerItemProxy section */

/* Begin PBXFileReference section */
		EE5F3A83260AD18700945107 /* ARDemoApp.app */ = {isa = PBXFileReference; explicitFileType = wrapper.application; includeInIndex = 0; path = ARDemoApp.app; sourceTree = BUILT_PRODUCTS_DIR; };
		EE5F3A86260AD18700945107 /* ARDemoApp.swift */ = {isa = PBXFileReference; lastKnownFileType = sourcecode.swift; path = ARDemoApp.swift; sourceTree = "<group>"; };
		EE5F3A88260AD18700945107 /* HomeView.swift */ = {isa = PBXFileReference; lastKnownFileType = sourcecode.swift; path = HomeView.swift; sourceTree = "<group>"; };
		EE5F3A8A260AD18800945107 /* Assets.xcassets */ = {isa = PBXFileReference; lastKnownFileType = folder.assetcatalog; path = Assets.xcassets; sourceTree = "<group>"; };
		EE5F3A8D260AD18800945107 /* Preview Assets.xcassets */ = {isa = PBXFileReference; lastKnownFileType = folder.assetcatalog; path = "Preview Assets.xcassets"; sourceTree = "<group>"; };
		EE5F3A8F260AD18800945107 /* Info.plist */ = {isa = PBXFileReference; lastKnownFileType = text.plist.xml; path = Info.plist; sourceTree = "<group>"; };
		EE5F3A94260AD18800945107 /* ARDemoAppTests.xctest */ = {isa = PBXFileReference; explicitFileType = wrapper.cfbundle; includeInIndex = 0; path = ARDemoAppTests.xctest; sourceTree = BUILT_PRODUCTS_DIR; };
		EE5F3A98260AD18800945107 /* ARDemoAppTests.swift */ = {isa = PBXFileReference; lastKnownFileType = sourcecode.swift; path = ARDemoAppTests.swift; sourceTree = "<group>"; };
		EE5F3A9A260AD18800945107 /* Info.plist */ = {isa = PBXFileReference; lastKnownFileType = text.plist.xml; path = Info.plist; sourceTree = "<group>"; };
		EE5F3A9F260AD18800945107 /* ARDemoAppUITests.xctest */ = {isa = PBXFileReference; explicitFileType = wrapper.cfbundle; includeInIndex = 0; path = ARDemoAppUITests.xctest; sourceTree = BUILT_PRODUCTS_DIR; };
		EE5F3AA3260AD18800945107 /* ARDemoAppUITests.swift */ = {isa = PBXFileReference; lastKnownFileType = sourcecode.swift; path = ARDemoAppUITests.swift; sourceTree = "<group>"; };
		EE5F3AA5260AD18800945107 /* Info.plist */ = {isa = PBXFileReference; lastKnownFileType = text.plist.xml; path = Info.plist; sourceTree = "<group>"; };
		EEC0D438260D9B140093141F /* PointCloudCaptureView.swift */ = {isa = PBXFileReference; lastKnownFileType = sourcecode.swift; path = PointCloudCaptureView.swift; sourceTree = "<group>"; };
		EEC0D43D260D9B6F0093141F /* PointCloudCaptureRenderingController+Asset.swift */ = {isa = PBXFileReference; fileEncoding = 4; lastKnownFileType = sourcecode.swift; path = "PointCloudCaptureRenderingController+Asset.swift"; sourceTree = "<group>"; };
		EED1CC45260C3C03006E9B33 /* PointCloudCaptureRenderingController.swift */ = {isa = PBXFileReference; fileEncoding = 4; lastKnownFileType = sourcecode.swift; path = PointCloudCaptureRenderingController.swift; sourceTree = "<group>"; };
		EED1CC46260C3C03006E9B33 /* PointCloudCaptureRenderingController+Draw.swift */ = {isa = PBXFileReference; fileEncoding = 4; lastKnownFileType = sourcecode.swift; path = "PointCloudCaptureRenderingController+Draw.swift"; sourceTree = "<group>"; };
		EED1CC47260C3C03006E9B33 /* PointCloudCaptureRenderingController+MetalHelpers.swift */ = {isa = PBXFileReference; fileEncoding = 4; lastKnownFileType = sourcecode.swift; path = "PointCloudCaptureRenderingController+MetalHelpers.swift"; sourceTree = "<group>"; };
		EED1CC48260C3C03006E9B33 /* RenderDestinationProvider.swift */ = {isa = PBXFileReference; fileEncoding = 4; lastKnownFileType = sourcecode.swift; path = RenderDestinationProvider.swift; sourceTree = "<group>"; };
		EED1CC57260C3C0E006E9B33 /* MetalBuffer.swift */ = {isa = PBXFileReference; fileEncoding = 4; lastKnownFileType = sourcecode.swift; path = MetalBuffer.swift; sourceTree = "<group>"; };
		EED1CC58260C3C0E006E9B33 /* Helpers.swift */ = {isa = PBXFileReference; fileEncoding = 4; lastKnownFileType = sourcecode.swift; path = Helpers.swift; sourceTree = "<group>"; };
		EED1CC5F260C3C19006E9B33 /* ShaderTypes.h */ = {isa = PBXFileReference; fileEncoding = 4; lastKnownFileType = sourcecode.c.h; path = ShaderTypes.h; sourceTree = "<group>"; };
		EED1CC60260C3C19006E9B33 /* Shaders.metal */ = {isa = PBXFileReference; fileEncoding = 4; lastKnownFileType = sourcecode.metal; path = Shaders.metal; sourceTree = "<group>"; };
		EED1CC6D260C3D17006E9B33 /* ARDemoApp-Bridging-Header.h */ = {isa = PBXFileReference; fileEncoding = 4; lastKnownFileType = sourcecode.c.h; path = "ARDemoApp-Bridging-Header.h"; sourceTree = "<group>"; };
		EED1CC85260C5F04006E9B33 /* MTKView+RenderDestinationProvider.swift */ = {isa = PBXFileReference; lastKnownFileType = sourcecode.swift; path = "MTKView+RenderDestinationProvider.swift"; sourceTree = "<group>"; };
		EED1CC9D260C695E006E9B33 /* PointCloudCaptureRenderingView.swift */ = {isa = PBXFileReference; lastKnownFileType = sourcecode.swift; path = PointCloudCaptureRenderingView.swift; sourceTree = "<group>"; };
/* End PBXFileReference section */

/* Begin PBXFrameworksBuildPhase section */
		EE5F3A80260AD18700945107 /* Frameworks */ = {
			isa = PBXFrameworksBuildPhase;
			buildActionMask = 2147483647;
			files = (
			);
			runOnlyForDeploymentPostprocessing = 0;
		};
		EE5F3A91260AD18800945107 /* Frameworks */ = {
			isa = PBXFrameworksBuildPhase;
			buildActionMask = 2147483647;
			files = (
			);
			runOnlyForDeploymentPostprocessing = 0;
		};
		EE5F3A9C260AD18800945107 /* Frameworks */ = {
			isa = PBXFrameworksBuildPhase;
			buildActionMask = 2147483647;
			files = (
			);
			runOnlyForDeploymentPostprocessing = 0;
		};
/* End PBXFrameworksBuildPhase section */

/* Begin PBXGroup section */
		EE0B817D260D866600A91F0F /* Controller */ = {
			isa = PBXGroup;
			children = (
				EED1CC45260C3C03006E9B33 /* PointCloudCaptureRenderingController.swift */,
				EED1CC46260C3C03006E9B33 /* PointCloudCaptureRenderingController+Draw.swift */,
				EED1CC47260C3C03006E9B33 /* PointCloudCaptureRenderingController+MetalHelpers.swift */,
				EEC0D43D260D9B6F0093141F /* PointCloudCaptureRenderingController+Asset.swift */,
			);
			path = Controller;
			sourceTree = "<group>";
		};
		EE5F3A7A260AD18700945107 = {
			isa = PBXGroup;
			children = (
				EE5F3A85260AD18700945107 /* ARDemoApp */,
				EE5F3A97260AD18800945107 /* ARDemoAppTests */,
				EE5F3AA2260AD18800945107 /* ARDemoAppUITests */,
				EE5F3A84260AD18700945107 /* Products */,
			);
			sourceTree = "<group>";
		};
		EE5F3A84260AD18700945107 /* Products */ = {
			isa = PBXGroup;
			children = (
				EE5F3A83260AD18700945107 /* ARDemoApp.app */,
				EE5F3A94260AD18800945107 /* ARDemoAppTests.xctest */,
				EE5F3A9F260AD18800945107 /* ARDemoAppUITests.xctest */,
			);
			name = Products;
			sourceTree = "<group>";
		};
		EE5F3A85260AD18700945107 /* ARDemoApp */ = {
			isa = PBXGroup;
			children = (
				EED1CC69260C3C5E006E9B33 /* App */,
				EED1CC65260C3C36006E9B33 /* Renderers */,
				EE5F3A8A260AD18800945107 /* Assets.xcassets */,
				EE5F3A8F260AD18800945107 /* Info.plist */,
				EED1CC6D260C3D17006E9B33 /* ARDemoApp-Bridging-Header.h */,
				EE5F3A8C260AD18800945107 /* Preview Content */,
			);
			path = ARDemoApp;
			sourceTree = "<group>";
		};
		EE5F3A8C260AD18800945107 /* Preview Content */ = {
			isa = PBXGroup;
			children = (
				EE5F3A8D260AD18800945107 /* Preview Assets.xcassets */,
			);
			path = "Preview Content";
			sourceTree = "<group>";
		};
		EE5F3A97260AD18800945107 /* ARDemoAppTests */ = {
			isa = PBXGroup;
			children = (
				EE5F3A98260AD18800945107 /* ARDemoAppTests.swift */,
				EE5F3A9A260AD18800945107 /* Info.plist */,
			);
			path = ARDemoAppTests;
			sourceTree = "<group>";
		};
		EE5F3AA2260AD18800945107 /* ARDemoAppUITests */ = {
			isa = PBXGroup;
			children = (
				EE5F3AA3260AD18800945107 /* ARDemoAppUITests.swift */,
				EE5F3AA5260AD18800945107 /* Info.plist */,
			);
			path = ARDemoAppUITests;
			sourceTree = "<group>";
		};
		EEC0D437260D9B020093141F /* PointCloudCapture */ = {
			isa = PBXGroup;
			children = (
				EED1CC74260C3E04006E9B33 /* PointCloudCaptureRendering */,
				EEC0D438260D9B140093141F /* PointCloudCaptureView.swift */,
			);
			path = PointCloudCapture;
			sourceTree = "<group>";
		};
		EED1CC44260C3BF1006E9B33 /* PointCloudRenderer */ = {
			isa = PBXGroup;
			children = (
				EED1CC5E260C3C11006E9B33 /* Metal */,
				EED1CC50260C3C06006E9B33 /* Utils */,
				EED1CC48260C3C03006E9B33 /* RenderDestinationProvider.swift */,
				EED1CC85260C5F04006E9B33 /* MTKView+RenderDestinationProvider.swift */,
			);
			path = PointCloudRenderer;
			sourceTree = "<group>";
		};
		EED1CC50260C3C06006E9B33 /* Utils */ = {
			isa = PBXGroup;
			children = (
				EED1CC58260C3C0E006E9B33 /* Helpers.swift */,
				EED1CC57260C3C0E006E9B33 /* MetalBuffer.swift */,
			);
			path = Utils;
			sourceTree = "<group>";
		};
		EED1CC5E260C3C11006E9B33 /* Metal */ = {
			isa = PBXGroup;
			children = (
				EED1CC60260C3C19006E9B33 /* Shaders.metal */,
				EED1CC5F260C3C19006E9B33 /* ShaderTypes.h */,
			);
			path = Metal;
			sourceTree = "<group>";
		};
		EED1CC65260C3C36006E9B33 /* Renderers */ = {
			isa = PBXGroup;
			children = (
				EED1CC44260C3BF1006E9B33 /* PointCloudRenderer */,
			);
			path = Renderers;
			sourceTree = "<group>";
		};
		EED1CC69260C3C5E006E9B33 /* App */ = {
			isa = PBXGroup;
			children = (
				EE5F3A86260AD18700945107 /* ARDemoApp.swift */,
				EE5F3A88260AD18700945107 /* HomeView.swift */,
				EEC0D437260D9B020093141F /* PointCloudCapture */,
			);
			path = App;
			sourceTree = "<group>";
		};
		EED1CC74260C3E04006E9B33 /* PointCloudCaptureRendering */ = {
			isa = PBXGroup;
			children = (
				EE0B817D260D866600A91F0F /* Controller */,
				EED1CC9D260C695E006E9B33 /* PointCloudCaptureRenderingView.swift */,
			);
			path = PointCloudCaptureRendering;
			sourceTree = "<group>";
		};
/* End PBXGroup section */

/* Begin PBXNativeTarget section */
		EE5F3A82260AD18700945107 /* ARDemoApp */ = {
			isa = PBXNativeTarget;
			buildConfigurationList = EE5F3AA8260AD18800945107 /* Build configuration list for PBXNativeTarget "ARDemoApp" */;
			buildPhases = (
				EE5F3A7F260AD18700945107 /* Sources */,
				EED1CCB6260C937E006E9B33 /* Swiftlint */,
				EE5F3A80260AD18700945107 /* Frameworks */,
				EE5F3A81260AD18700945107 /* Resources */,
			);
			buildRules = (
			);
			dependencies = (
			);
			name = ARDemoApp;
			productName = ARDemoApp;
			productReference = EE5F3A83260AD18700945107 /* ARDemoApp.app */;
			productType = "com.apple.product-type.application";
		};
		EE5F3A93260AD18800945107 /* ARDemoAppTests */ = {
			isa = PBXNativeTarget;
			buildConfigurationList = EE5F3AAB260AD18800945107 /* Build configuration list for PBXNativeTarget "ARDemoAppTests" */;
			buildPhases = (
				EE5F3A90260AD18800945107 /* Sources */,
				EE5F3A91260AD18800945107 /* Frameworks */,
				EE5F3A92260AD18800945107 /* Resources */,
			);
			buildRules = (
			);
			dependencies = (
				EE5F3A96260AD18800945107 /* PBXTargetDependency */,
			);
			name = ARDemoAppTests;
			productName = ARDemoAppTests;
			productReference = EE5F3A94260AD18800945107 /* ARDemoAppTests.xctest */;
			productType = "com.apple.product-type.bundle.unit-test";
		};
		EE5F3A9E260AD18800945107 /* ARDemoAppUITests */ = {
			isa = PBXNativeTarget;
			buildConfigurationList = EE5F3AAE260AD18800945107 /* Build configuration list for PBXNativeTarget "ARDemoAppUITests" */;
			buildPhases = (
				EE5F3A9B260AD18800945107 /* Sources */,
				EE5F3A9C260AD18800945107 /* Frameworks */,
				EE5F3A9D260AD18800945107 /* Resources */,
			);
			buildRules = (
			);
			dependencies = (
				EE5F3AA1260AD18800945107 /* PBXTargetDependency */,
			);
			name = ARDemoAppUITests;
			productName = ARDemoAppUITests;
			productReference = EE5F3A9F260AD18800945107 /* ARDemoAppUITests.xctest */;
			productType = "com.apple.product-type.bundle.ui-testing";
		};
/* End PBXNativeTarget section */

/* Begin PBXProject section */
		EE5F3A7B260AD18700945107 /* Project object */ = {
			isa = PBXProject;
			attributes = {
				LastSwiftUpdateCheck = 1240;
				LastUpgradeCheck = 1240;
				TargetAttributes = {
					EE5F3A82260AD18700945107 = {
						CreatedOnToolsVersion = 12.4;
					};
					EE5F3A93260AD18800945107 = {
						CreatedOnToolsVersion = 12.4;
						TestTargetID = EE5F3A82260AD18700945107;
					};
					EE5F3A9E260AD18800945107 = {
						CreatedOnToolsVersion = 12.4;
						TestTargetID = EE5F3A82260AD18700945107;
					};
				};
			};
			buildConfigurationList = EE5F3A7E260AD18700945107 /* Build configuration list for PBXProject "ARDemoApp" */;
			compatibilityVersion = "Xcode 9.3";
			developmentRegion = en;
			hasScannedForEncodings = 0;
			knownRegions = (
				en,
				Base,
			);
			mainGroup = EE5F3A7A260AD18700945107;
			productRefGroup = EE5F3A84260AD18700945107 /* Products */;
			projectDirPath = "";
			projectRoot = "";
			targets = (
				EE5F3A82260AD18700945107 /* ARDemoApp */,
				EE5F3A93260AD18800945107 /* ARDemoAppTests */,
				EE5F3A9E260AD18800945107 /* ARDemoAppUITests */,
			);
		};
/* End PBXProject section */

/* Begin PBXResourcesBuildPhase section */
		EE5F3A81260AD18700945107 /* Resources */ = {
			isa = PBXResourcesBuildPhase;
			buildActionMask = 2147483647;
			files = (
				EE5F3A8E260AD18800945107 /* Preview Assets.xcassets in Resources */,
				EE5F3A8B260AD18800945107 /* Assets.xcassets in Resources */,
			);
			runOnlyForDeploymentPostprocessing = 0;
		};
		EE5F3A92260AD18800945107 /* Resources */ = {
			isa = PBXResourcesBuildPhase;
			buildActionMask = 2147483647;
			files = (
			);
			runOnlyForDeploymentPostprocessing = 0;
		};
		EE5F3A9D260AD18800945107 /* Resources */ = {
			isa = PBXResourcesBuildPhase;
			buildActionMask = 2147483647;
			files = (
			);
			runOnlyForDeploymentPostprocessing = 0;
		};
/* End PBXResourcesBuildPhase section */

/* Begin PBXShellScriptBuildPhase section */
		EED1CCB6260C937E006E9B33 /* Swiftlint */ = {
			isa = PBXShellScriptBuildPhase;
			buildActionMask = 2147483647;
			files = (
			);
			inputFileListPaths = (
			);
			inputPaths = (
			);
			name = Swiftlint;
			outputFileListPaths = (
			);
			outputPaths = (
			);
			runOnlyForDeploymentPostprocessing = 0;
			shellPath = /bin/sh;
			shellScript = "if which swiftlint >/dev/null; then\n  swiftlint\nelse\n  echo \"warning: SwiftLint not installed, download from https://github.com/realm/SwiftLint\"\nfi\n";
		};
/* End PBXShellScriptBuildPhase section */

/* Begin PBXSourcesBuildPhase section */
		EE5F3A7F260AD18700945107 /* Sources */ = {
			isa = PBXSourcesBuildPhase;
			buildActionMask = 2147483647;
			files = (
				EED1CC49260C3C03006E9B33 /* PointCloudCaptureRenderingController.swift in Sources */,
				EED1CC4A260C3C03006E9B33 /* PointCloudCaptureRenderingController+Draw.swift in Sources */,
				EE5F3A89260AD18700945107 /* HomeView.swift in Sources */,
				EED1CC5A260C3C0E006E9B33 /* Helpers.swift in Sources */,
				EED1CC86260C5F04006E9B33 /* MTKView+RenderDestinationProvider.swift in Sources */,
				EEC0D439260D9B140093141F /* PointCloudCaptureView.swift in Sources */,
				EED1CC4C260C3C03006E9B33 /* RenderDestinationProvider.swift in Sources */,
				EE5F3A87260AD18700945107 /* ARDemoApp.swift in Sources */,
				EED1CC61260C3C19006E9B33 /* Shaders.metal in Sources */,
				EED1CC59260C3C0E006E9B33 /* MetalBuffer.swift in Sources */,
				EED1CC9E260C695E006E9B33 /* PointCloudCaptureRenderingView.swift in Sources */,
				EED1CC4B260C3C03006E9B33 /* PointCloudCaptureRenderingController+MetalHelpers.swift in Sources */,
				EEC0D43E260D9B6F0093141F /* PointCloudCaptureRenderingController+Asset.swift in Sources */,
			);
			runOnlyForDeploymentPostprocessing = 0;
		};
		EE5F3A90260AD18800945107 /* Sources */ = {
			isa = PBXSourcesBuildPhase;
			buildActionMask = 2147483647;
			files = (
				EE5F3A99260AD18800945107 /* ARDemoAppTests.swift in Sources */,
			);
			runOnlyForDeploymentPostprocessing = 0;
		};
		EE5F3A9B260AD18800945107 /* Sources */ = {
			isa = PBXSourcesBuildPhase;
			buildActionMask = 2147483647;
			files = (
				EE5F3AA4260AD18800945107 /* ARDemoAppUITests.swift in Sources */,
			);
			runOnlyForDeploymentPostprocessing = 0;
		};
/* End PBXSourcesBuildPhase section */

/* Begin PBXTargetDependency section */
		EE5F3A96260AD18800945107 /* PBXTargetDependency */ = {
			isa = PBXTargetDependency;
			target = EE5F3A82260AD18700945107 /* ARDemoApp */;
			targetProxy = EE5F3A95260AD18800945107 /* PBXContainerItemProxy */;
		};
		EE5F3AA1260AD18800945107 /* PBXTargetDependency */ = {
			isa = PBXTargetDependency;
			target = EE5F3A82260AD18700945107 /* ARDemoApp */;
			targetProxy = EE5F3AA0260AD18800945107 /* PBXContainerItemProxy */;
		};
/* End PBXTargetDependency section */

/* Begin XCBuildConfiguration section */
		EE5F3AA6260AD18800945107 /* Debug */ = {
			isa = XCBuildConfiguration;
			buildSettings = {
				ALWAYS_SEARCH_USER_PATHS = NO;
				CLANG_ANALYZER_NONNULL = YES;
				CLANG_ANALYZER_NUMBER_OBJECT_CONVERSION = YES_AGGRESSIVE;
				CLANG_CXX_LANGUAGE_STANDARD = "gnu++14";
				CLANG_CXX_LIBRARY = "libc++";
				CLANG_ENABLE_MODULES = YES;
				CLANG_ENABLE_OBJC_ARC = YES;
				CLANG_ENABLE_OBJC_WEAK = YES;
				CLANG_WARN_BLOCK_CAPTURE_AUTORELEASING = YES;
				CLANG_WARN_BOOL_CONVERSION = YES;
				CLANG_WARN_COMMA = YES;
				CLANG_WARN_CONSTANT_CONVERSION = YES;
				CLANG_WARN_DEPRECATED_OBJC_IMPLEMENTATIONS = YES;
				CLANG_WARN_DIRECT_OBJC_ISA_USAGE = YES_ERROR;
				CLANG_WARN_DOCUMENTATION_COMMENTS = YES;
				CLANG_WARN_EMPTY_BODY = YES;
				CLANG_WARN_ENUM_CONVERSION = YES;
				CLANG_WARN_INFINITE_RECURSION = YES;
				CLANG_WARN_INT_CONVERSION = YES;
				CLANG_WARN_NON_LITERAL_NULL_CONVERSION = YES;
				CLANG_WARN_OBJC_IMPLICIT_RETAIN_SELF = YES;
				CLANG_WARN_OBJC_LITERAL_CONVERSION = YES;
				CLANG_WARN_OBJC_ROOT_CLASS = YES_ERROR;
				CLANG_WARN_QUOTED_INCLUDE_IN_FRAMEWORK_HEADER = YES;
				CLANG_WARN_RANGE_LOOP_ANALYSIS = YES;
				CLANG_WARN_STRICT_PROTOTYPES = YES;
				CLANG_WARN_SUSPICIOUS_MOVE = YES;
				CLANG_WARN_UNGUARDED_AVAILABILITY = YES_AGGRESSIVE;
				CLANG_WARN_UNREACHABLE_CODE = YES;
				CLANG_WARN__DUPLICATE_METHOD_MATCH = YES;
				COPY_PHASE_STRIP = NO;
				DEBUG_INFORMATION_FORMAT = dwarf;
				ENABLE_STRICT_OBJC_MSGSEND = YES;
				ENABLE_TESTABILITY = YES;
				GCC_C_LANGUAGE_STANDARD = gnu11;
				GCC_DYNAMIC_NO_PIC = NO;
				GCC_NO_COMMON_BLOCKS = YES;
				GCC_OPTIMIZATION_LEVEL = 0;
				GCC_PREPROCESSOR_DEFINITIONS = (
					"DEBUG=1",
					"$(inherited)",
				);
				GCC_WARN_64_TO_32_BIT_CONVERSION = YES;
				GCC_WARN_ABOUT_RETURN_TYPE = YES_ERROR;
				GCC_WARN_UNDECLARED_SELECTOR = YES;
				GCC_WARN_UNINITIALIZED_AUTOS = YES_AGGRESSIVE;
				GCC_WARN_UNUSED_FUNCTION = YES;
				GCC_WARN_UNUSED_VARIABLE = YES;
				IPHONEOS_DEPLOYMENT_TARGET = 14.4;
				MTL_ENABLE_DEBUG_INFO = INCLUDE_SOURCE;
				MTL_FAST_MATH = YES;
				ONLY_ACTIVE_ARCH = YES;
				SDKROOT = iphoneos;
				SWIFT_ACTIVE_COMPILATION_CONDITIONS = DEBUG;
				SWIFT_OPTIMIZATION_LEVEL = "-Onone";
			};
			name = Debug;
		};
		EE5F3AA7260AD18800945107 /* Release */ = {
			isa = XCBuildConfiguration;
			buildSettings = {
				ALWAYS_SEARCH_USER_PATHS = NO;
				CLANG_ANALYZER_NONNULL = YES;
				CLANG_ANALYZER_NUMBER_OBJECT_CONVERSION = YES_AGGRESSIVE;
				CLANG_CXX_LANGUAGE_STANDARD = "gnu++14";
				CLANG_CXX_LIBRARY = "libc++";
				CLANG_ENABLE_MODULES = YES;
				CLANG_ENABLE_OBJC_ARC = YES;
				CLANG_ENABLE_OBJC_WEAK = YES;
				CLANG_WARN_BLOCK_CAPTURE_AUTORELEASING = YES;
				CLANG_WARN_BOOL_CONVERSION = YES;
				CLANG_WARN_COMMA = YES;
				CLANG_WARN_CONSTANT_CONVERSION = YES;
				CLANG_WARN_DEPRECATED_OBJC_IMPLEMENTATIONS = YES;
				CLANG_WARN_DIRECT_OBJC_ISA_USAGE = YES_ERROR;
				CLANG_WARN_DOCUMENTATION_COMMENTS = YES;
				CLANG_WARN_EMPTY_BODY = YES;
				CLANG_WARN_ENUM_CONVERSION = YES;
				CLANG_WARN_INFINITE_RECURSION = YES;
				CLANG_WARN_INT_CONVERSION = YES;
				CLANG_WARN_NON_LITERAL_NULL_CONVERSION = YES;
				CLANG_WARN_OBJC_IMPLICIT_RETAIN_SELF = YES;
				CLANG_WARN_OBJC_LITERAL_CONVERSION = YES;
				CLANG_WARN_OBJC_ROOT_CLASS = YES_ERROR;
				CLANG_WARN_QUOTED_INCLUDE_IN_FRAMEWORK_HEADER = YES;
				CLANG_WARN_RANGE_LOOP_ANALYSIS = YES;
				CLANG_WARN_STRICT_PROTOTYPES = YES;
				CLANG_WARN_SUSPICIOUS_MOVE = YES;
				CLANG_WARN_UNGUARDED_AVAILABILITY = YES_AGGRESSIVE;
				CLANG_WARN_UNREACHABLE_CODE = YES;
				CLANG_WARN__DUPLICATE_METHOD_MATCH = YES;
				COPY_PHASE_STRIP = NO;
				DEBUG_INFORMATION_FORMAT = "dwarf-with-dsym";
				ENABLE_NS_ASSERTIONS = NO;
				ENABLE_STRICT_OBJC_MSGSEND = YES;
				GCC_C_LANGUAGE_STANDARD = gnu11;
				GCC_NO_COMMON_BLOCKS = YES;
				GCC_WARN_64_TO_32_BIT_CONVERSION = YES;
				GCC_WARN_ABOUT_RETURN_TYPE = YES_ERROR;
				GCC_WARN_UNDECLARED_SELECTOR = YES;
				GCC_WARN_UNINITIALIZED_AUTOS = YES_AGGRESSIVE;
				GCC_WARN_UNUSED_FUNCTION = YES;
				GCC_WARN_UNUSED_VARIABLE = YES;
				IPHONEOS_DEPLOYMENT_TARGET = 14.4;
				MTL_ENABLE_DEBUG_INFO = NO;
				MTL_FAST_MATH = YES;
				SDKROOT = iphoneos;
				SWIFT_COMPILATION_MODE = wholemodule;
				SWIFT_OPTIMIZATION_LEVEL = "-O";
				VALIDATE_PRODUCT = YES;
			};
			name = Release;
		};
		EE5F3AA9260AD18800945107 /* Debug */ = {
			isa = XCBuildConfiguration;
			buildSettings = {
				ASSETCATALOG_COMPILER_APPICON_NAME = AppIcon;
				ASSETCATALOG_COMPILER_GLOBAL_ACCENT_COLOR_NAME = AccentColor;
				CODE_SIGN_STYLE = Automatic;
				DEVELOPMENT_ASSET_PATHS = "\"ARDemoApp/Preview Content\"";
				DEVELOPMENT_TEAM = H2694FBVFN;
				ENABLE_PREVIEWS = YES;
				INFOPLIST_FILE = ARDemoApp/Info.plist;
				IPHONEOS_DEPLOYMENT_TARGET = 14.0;
				LD_RUNPATH_SEARCH_PATHS = (
					"$(inherited)",
					"@executable_path/Frameworks",
				);
				PRODUCT_BUNDLE_IDENTIFIER = com.acammm.pointcloudkit.ARDemoApp;
				PRODUCT_NAME = "$(TARGET_NAME)";
				SWIFT_OBJC_BRIDGING_HEADER = "ARDemoApp/ARDemoApp-Bridging-Header.h";
				SWIFT_VERSION = 5.0;
				TARGETED_DEVICE_FAMILY = "1,2";
			};
			name = Debug;
		};
		EE5F3AAA260AD18800945107 /* Release */ = {
			isa = XCBuildConfiguration;
			buildSettings = {
				ASSETCATALOG_COMPILER_APPICON_NAME = AppIcon;
				ASSETCATALOG_COMPILER_GLOBAL_ACCENT_COLOR_NAME = AccentColor;
				CODE_SIGN_STYLE = Automatic;
				DEVELOPMENT_ASSET_PATHS = "\"ARDemoApp/Preview Content\"";
				DEVELOPMENT_TEAM = H2694FBVFN;
				ENABLE_PREVIEWS = YES;
				INFOPLIST_FILE = ARDemoApp/Info.plist;
				IPHONEOS_DEPLOYMENT_TARGET = 14.0;
				LD_RUNPATH_SEARCH_PATHS = (
					"$(inherited)",
					"@executable_path/Frameworks",
				);
				PRODUCT_BUNDLE_IDENTIFIER = com.acammm.pointcloudkit.ARDemoApp;
				PRODUCT_NAME = "$(TARGET_NAME)";
				SWIFT_OBJC_BRIDGING_HEADER = "ARDemoApp/ARDemoApp-Bridging-Header.h";
				SWIFT_VERSION = 5.0;
				TARGETED_DEVICE_FAMILY = "1,2";
			};
			name = Release;
		};
		EE5F3AAC260AD18800945107 /* Debug */ = {
			isa = XCBuildConfiguration;
			buildSettings = {
				ALWAYS_EMBED_SWIFT_STANDARD_LIBRARIES = YES;
				BUNDLE_LOADER = "$(TEST_HOST)";
				CODE_SIGN_STYLE = Automatic;
				DEVELOPMENT_TEAM = H2694FBVFN;
				INFOPLIST_FILE = ARDemoAppTests/Info.plist;
				IPHONEOS_DEPLOYMENT_TARGET = 14.0;
				LD_RUNPATH_SEARCH_PATHS = (
					"$(inherited)",
					"@executable_path/Frameworks",
					"@loader_path/Frameworks",
				);
				PRODUCT_BUNDLE_IDENTIFIER = com.acammm.pointcloudkit.ARDemoAppTests;
				PRODUCT_NAME = "$(TARGET_NAME)";
				SWIFT_VERSION = 5.0;
				TARGETED_DEVICE_FAMILY = "1,2";
				TEST_HOST = "$(BUILT_PRODUCTS_DIR)/ARDemoApp.app/ARDemoApp";
			};
			name = Debug;
		};
		EE5F3AAD260AD18800945107 /* Release */ = {
			isa = XCBuildConfiguration;
			buildSettings = {
				ALWAYS_EMBED_SWIFT_STANDARD_LIBRARIES = YES;
				BUNDLE_LOADER = "$(TEST_HOST)";
				CODE_SIGN_STYLE = Automatic;
				DEVELOPMENT_TEAM = H2694FBVFN;
				INFOPLIST_FILE = ARDemoAppTests/Info.plist;
				IPHONEOS_DEPLOYMENT_TARGET = 14.0;
				LD_RUNPATH_SEARCH_PATHS = (
					"$(inherited)",
					"@executable_path/Frameworks",
					"@loader_path/Frameworks",
				);
				PRODUCT_BUNDLE_IDENTIFIER = com.acammm.pointcloudkit.ARDemoAppTests;
				PRODUCT_NAME = "$(TARGET_NAME)";
				SWIFT_VERSION = 5.0;
				TARGETED_DEVICE_FAMILY = "1,2";
				TEST_HOST = "$(BUILT_PRODUCTS_DIR)/ARDemoApp.app/ARDemoApp";
			};
			name = Release;
		};
		EE5F3AAF260AD18800945107 /* Debug */ = {
			isa = XCBuildConfiguration;
			buildSettings = {
				ALWAYS_EMBED_SWIFT_STANDARD_LIBRARIES = YES;
				CODE_SIGN_STYLE = Automatic;
				DEVELOPMENT_TEAM = H2694FBVFN;
				INFOPLIST_FILE = ARDemoAppUITests/Info.plist;
				LD_RUNPATH_SEARCH_PATHS = (
					"$(inherited)",
					"@executable_path/Frameworks",
					"@loader_path/Frameworks",
				);
				PRODUCT_BUNDLE_IDENTIFIER = com.acammm.pointcloudkit.ARDemoAppUITests;
				PRODUCT_NAME = "$(TARGET_NAME)";
				SWIFT_VERSION = 5.0;
				TARGETED_DEVICE_FAMILY = "1,2";
				TEST_TARGET_NAME = ARDemoApp;
			};
			name = Debug;
		};
		EE5F3AB0260AD18800945107 /* Release */ = {
			isa = XCBuildConfiguration;
			buildSettings = {
				ALWAYS_EMBED_SWIFT_STANDARD_LIBRARIES = YES;
				CODE_SIGN_STYLE = Automatic;
				DEVELOPMENT_TEAM = H2694FBVFN;
				INFOPLIST_FILE = ARDemoAppUITests/Info.plist;
				LD_RUNPATH_SEARCH_PATHS = (
					"$(inherited)",
					"@executable_path/Frameworks",
					"@loader_path/Frameworks",
				);
				PRODUCT_BUNDLE_IDENTIFIER = com.acammm.pointcloudkit.ARDemoAppUITests;
				PRODUCT_NAME = "$(TARGET_NAME)";
				SWIFT_VERSION = 5.0;
				TARGETED_DEVICE_FAMILY = "1,2";
				TEST_TARGET_NAME = ARDemoApp;
			};
			name = Release;
		};
/* End XCBuildConfiguration section */

/* Begin XCConfigurationList section */
		EE5F3A7E260AD18700945107 /* Build configuration list for PBXProject "ARDemoApp" */ = {
			isa = XCConfigurationList;
			buildConfigurations = (
				EE5F3AA6260AD18800945107 /* Debug */,
				EE5F3AA7260AD18800945107 /* Release */,
			);
			defaultConfigurationIsVisible = 0;
			defaultConfigurationName = Release;
		};
		EE5F3AA8260AD18800945107 /* Build configuration list for PBXNativeTarget "ARDemoApp" */ = {
			isa = XCConfigurationList;
			buildConfigurations = (
				EE5F3AA9260AD18800945107 /* Debug */,
				EE5F3AAA260AD18800945107 /* Release */,
			);
			defaultConfigurationIsVisible = 0;
			defaultConfigurationName = Release;
		};
		EE5F3AAB260AD18800945107 /* Build configuration list for PBXNativeTarget "ARDemoAppTests" */ = {
			isa = XCConfigurationList;
			buildConfigurations = (
				EE5F3AAC260AD18800945107 /* Debug */,
				EE5F3AAD260AD18800945107 /* Release */,
			);
			defaultConfigurationIsVisible = 0;
			defaultConfigurationName = Release;
		};
		EE5F3AAE260AD18800945107 /* Build configuration list for PBXNativeTarget "ARDemoAppUITests" */ = {
			isa = XCConfigurationList;
			buildConfigurations = (
				EE5F3AAF260AD18800945107 /* Debug */,
				EE5F3AB0260AD18800945107 /* Release */,
			);
			defaultConfigurationIsVisible = 0;
			defaultConfigurationName = Release;
		};
/* End XCConfigurationList section */
	};
	rootObject = EE5F3A7B260AD18700945107 /* Project object */;
}
